
Microsoft Visual Studio Solution File, Format Version 12.00
# Visual Studio 2012
Project("{8BC9CEB8-8B4A-11D0-8D11-00A0C91BC942}") = "OpenAndDisplay", "OpenAndDisplay\OpenAndDisplay.vcxproj", "{2CE0A28F-2BEA-4419-AC9C-B835B30DA097}"
EndProject
Global
	GlobalSection(SolutionConfigurationPlatforms) = preSolution
		Debug|Win32 = Debug|Win32
		Release|Win32 = Release|Win32
	EndGlobalSection
	GlobalSection(ProjectConfigurationPlatforms) = postSolution
		{2CE0A28F-2BEA-4419-AC9C-B835B30DA097}.Debug|Win32.ActiveCfg = Debug|Win32
		{2CE0A28F-2BEA-4419-AC9C-B835B30DA097}.Debug|Win32.Build.0 = Debug|Win32
		{2CE0A28F-2BEA-4419-AC9C-B835B30DA097}.Release|Win32.ActiveCfg = Release|Win32
		{2CE0A28F-2BEA-4419-AC9C-B835B30DA097}.Release|Win32.Build.0 = Release|Win32
	EndGlobalSection
	GlobalSection(SolutionProperties) = preSolution
		HideSolutionNode = FALSE
	EndGlobalSection
EndGlobal
